# THIS IS AN AUTOGENERATED FILE. DO NOT EDIT THIS FILE DIRECTLY.
# yarn lockfile v1


"@types/es6-promise@^3.3.0":
  version "3.3.0"
  resolved "https://registry.yarnpkg.com/@types/es6-promise/-/es6-promise-3.3.0.tgz#61b55e554fd807b563f158a7986ee53d3a5a5a9d"
  dependencies:
    es6-promise "*"

es6-promise@*:
  version "4.2.4"
  resolved "https://registry.yarnpkg.com/es6-promise/-/es6-promise-4.2.4.tgz#dc4221c2b16518760bd8c39a52d8f356fc00ed29"
